
Microsoft Visual Studio Solution File, Format Version 12.00
# Visual Studio 15
VisualStudioVersion = 15.0.28307.852
MinimumVisualStudioVersion = 10.0.40219.1
Project("{2150E333-8FDC-42A3-9474-1A3956D46DE8}") = "src", "src", "{13B3D39E-47B2-4604-BD5C-BCDAB7266E18}"
EndProject
Project("{9A19103F-16F7-4668-BE54-9A1E7A4F7556}") = "ClientSection", "src\Microsoft.Configuration.ConfigutionBuilders.Base.ClientSection\ClientSection.csproj", "{50234602-7E46-4281-8E83-9878616E9966}"
EndProject
Global
	GlobalSection(SolutionConfigurationPlatforms) = preSolution
		Debug|Any CPU = Debug|Any CPU
		Release|Any CPU = Release|Any CPU
	EndGlobalSection
	GlobalSection(ProjectConfigurationPlatforms) = postSolution
		{50234602-7E46-4281-8E83-9878616E9966}.Debug|Any CPU.ActiveCfg = Debug|Any CPU
		{50234602-7E46-4281-8E83-9878616E9966}.Debug|Any CPU.Build.0 = Debug|Any CPU
		{50234602-7E46-4281-8E83-9878616E9966}.Release|Any CPU.ActiveCfg = Release|Any CPU
		{50234602-7E46-4281-8E83-9878616E9966}.Release|Any CPU.Build.0 = Release|Any CPU
	EndGlobalSection
	GlobalSection(SolutionProperties) = preSolution
		HideSolutionNode = FALSE
	EndGlobalSection
	GlobalSection(NestedProjects) = preSolution
		{50234602-7E46-4281-8E83-9878616E9966} = {13B3D39E-47B2-4604-BD5C-BCDAB7266E18}
	EndGlobalSection
	GlobalSection(ExtensibilityGlobals) = postSolution
		SolutionGuid = {A8814E68-2B7F-474E-8014-8275B3C3D39E}
	EndGlobalSection
EndGlobal
